{
  "version": 4,
  "terraform_version": "1.2.6",
  "serial": 123,
  "lineage": "dcd0bda5-e319-0423-25f0-f2ca8062ecc2",
  "outputs": {
    "external_ip_address_vm_1": {
      "value": "51.250.46.14",
      "type": "string"
    },
    "internal_ip_address_vm_1": {
      "value": "192.168.10.31",
      "type": "string"
    }
  },
  "resources": [
    {
      "mode": "managed",
      "type": "yandex_compute_instance",
      "name": "vm-1",
      "provider": "provider[\"registry.terraform.io/yandex-cloud/yandex\"]",
      "instances": [
        {
          "schema_version": 1,
          "attributes": {
            "allow_recreate": null,
            "allow_stopping_for_update": null,
            "boot_disk": [
              {
                "auto_delete": true,
                "device_name": "ef3dkkhod4436ucune5f",
                "disk_id": "ef3dkkhod4436ucune5f",
                "initialize_params": [
                  {
                    "block_size": 4096,
                    "description": "",
                    "image_id": "fd8cqj9qiedndmmi3vq6",
                    "name": "",
                    "size": 5,
                    "snapshot_id": "",
                    "type": "network-hdd"
                  }
                ],
                "mode": "READ_WRITE"
              }
            ],
            "created_at": "2022-08-15T16:16:14Z",
            "description": "",
            "folder_id": "b1gcsufpjp0aeabndiqh",
            "fqdn": "ef3sora4am55khej4m6d.auto.internal",
            "hostname": "",
            "id": "ef3sora4am55khej4m6d",
            "labels": null,
            "local_disk": [],
            "metadata": {
              "user-data": "#cloud-config\nusers:\n - name: isupov\n   groups: sudo\n   shell: /bin/bash\n   sudo: ['ALL=(ALL) NOPASSWD:ALL']\n   ssh-authorized-keys:\n     - ssh-rsa AAAAB3NzaC1yc2EAAAADAQABAAABgQDMmJkwxQeE7amw1xjMNVxug5lrPOStf0S/OaMNAZN/XR/mEfWHYsGEJ0TMWnOdZv+l1jIXI5w4/26OgshW45DoBYXF4PgxaY+/uvQX8L5iCSWRVHxWap3SdbOK7olRoPQgNWeQUiZ0geaSyYVITjRjJ4osBjt1rQaNm0L14jumdMsR80fr22Bk+d9EDTnzEyx+Op7MxWEBNMdWLh2YoB1A3nZRLnLNlQcTYdYI/l8v7fYr0mwb+lRmTotSpIQPXBg36uIvgZzFDuhbxS/iKdXqyopEWC2m8CRveQQ4d5Wv54gAvkOc5pu1PDPaJdOQSbIrxh2+raP123NTj/XONL//Widzl8ifcYaFYRTIIC1ZB4LDVWNnVjKPWcH4QqGdbXlpZm4KjU5P1QDh9ZXrKLKMwxelbv5WzOuGotjAj4Tu+5T9XkZPBNLdT8fO0pyduZX5K8pnuq3NM7eDzku1DjIE4HaNUCREl4lZz94tr/F+yLO5JdKC4kFpWy3KExi7vw8= isupov@isupov\n"
            },
            "name": "terraform1",
            "network_acceleration_type": "standard",
            "network_interface": [
              {
                "dns_record": [],
                "index": 0,
                "ip_address": "192.168.10.31",
                "ipv4": true,
                "ipv6": false,
                "ipv6_address": "",
                "ipv6_dns_record": [],
                "mac_address": "d0:0d:1c:c6:d4:45",
                "nat": true,
                "nat_dns_record": [],
                "nat_ip_address": "51.250.46.14",
                "nat_ip_version": "IPV4",
                "security_group_ids": [],
                "subnet_id": "b0co1n2mkkjm2e65g876"
              }
            ],
            "placement_policy": [
              {
                "host_affinity_rules": [],
                "placement_group_id": ""
              }
            ],
            "platform_id": "standard-v1",
            "resources": [
              {
                "core_fraction": 100,
                "cores": 2,
                "gpus": 0,
                "memory": 2
              }
            ],
            "scheduling_policy": [
              {
                "preemptible": false
              }
            ],
            "secondary_disk": [],
            "service_account_id": "",
            "status": "running",
            "timeouts": null,
            "zone": "ru-central1-c"
          },
          "sensitive_attributes": [],
          "private": "eyJlMmJmYjczMC1lY2FhLTExZTYtOGY4OC0zNDM2M2JjN2M0YzAiOnsiY3JlYXRlIjozMDAwMDAwMDAwMDAsImRlbGV0ZSI6MzAwMDAwMDAwMDAwLCJ1cGRhdGUiOjMwMDAwMDAwMDAwMH0sInNjaGVtYV92ZXJzaW9uIjoiMSJ9",
          "dependencies": [
            "yandex_vpc_network.network-1",
            "yandex_vpc_subnet.subnet-1"
          ]
        }
      ]
    },
    {
      "mode": "managed",
      "type": "yandex_vpc_network",
      "name": "network-1",
      "provider": "provider[\"registry.terraform.io/yandex-cloud/yandex\"]",
      "instances": [
        {
          "schema_version": 0,
          "attributes": {
            "created_at": "2022-08-15T16:16:12Z",
            "default_security_group_id": "",
            "description": "",
            "folder_id": "b1gcsufpjp0aeabndiqh",
            "id": "enp1bb9e0a7edb04nckg",
            "labels": {},
            "name": "network1",
            "subnet_ids": [],
            "timeouts": null
          },
          "sensitive_attributes": [],
          "private": "eyJlMmJmYjczMC1lY2FhLTExZTYtOGY4OC0zNDM2M2JjN2M0YzAiOnsiY3JlYXRlIjo2MDAwMDAwMDAwMCwiZGVsZXRlIjo2MDAwMDAwMDAwMCwidXBkYXRlIjo2MDAwMDAwMDAwMH19"
        }
      ]
    },
    {
      "mode": "managed",
      "type": "yandex_vpc_subnet",
      "name": "subnet-1",
      "provider": "provider[\"registry.terraform.io/yandex-cloud/yandex\"]",
      "instances": [
        {
          "schema_version": 0,
          "attributes": {
            "created_at": "2022-08-15T16:16:13Z",
            "description": "",
            "dhcp_options": [],
            "folder_id": "b1gcsufpjp0aeabndiqh",
            "id": "b0co1n2mkkjm2e65g876",
            "labels": {},
            "name": "subnet1",
            "network_id": "enp1bb9e0a7edb04nckg",
            "route_table_id": "",
            "timeouts": null,
            "v4_cidr_blocks": [
              "192.168.10.0/24"
            ],
            "v6_cidr_blocks": [],
            "zone": "ru-central1-c"
          },
          "sensitive_attributes": [],
          "private": "eyJlMmJmYjczMC1lY2FhLTExZTYtOGY4OC0zNDM2M2JjN2M0YzAiOnsiY3JlYXRlIjoxODAwMDAwMDAwMDAsImRlbGV0ZSI6MTgwMDAwMDAwMDAwLCJ1cGRhdGUiOjE4MDAwMDAwMDAwMH19",
          "dependencies": [
            "yandex_vpc_network.network-1"
          ]
        }
      ]
    }
  ]
}
